// !$*UTF8*$!
{
	archiveVersion = 1;
	classes = {
	};
	objectVersion = 46;
	objects = {

/* Begin PBXBuildFile section */
		C6D8A81C17ADB803008CD6EE /* UIKit.framework in Frameworks */ = {isa = PBXBuildFile; fileRef = C6D8A81B17ADB803008CD6EE /* UIKit.framework */; };
		C6D8A81E17ADB803008CD6EE /* Foundation.framework in Frameworks */ = {isa = PBXBuildFile; fileRef = C6D8A81D17ADB803008CD6EE /* Foundation.framework */; };
		C6D8A82017ADB803008CD6EE /* CoreGraphics.framework in Frameworks */ = {isa = PBXBuildFile; fileRef = C6D8A81F17ADB803008CD6EE /* CoreGraphics.framework */; };
		C6D8A82617ADB803008CD6EE /* InfoPlist.strings in Resources */ = {isa = PBXBuildFile; fileRef = C6D8A82417ADB803008CD6EE /* InfoPlist.strings */; };
		C6D8A82817ADB803008CD6EE /* main.m in Sources */ = {isa = PBXBuildFile; fileRef = C6D8A82717ADB803008CD6EE /* main.m */; };
		C6D8A82C17ADB803008CD6EE /* CardGameAppDelegate.m in Sources */ = {isa = PBXBuildFile; fileRef = C6D8A82B17ADB803008CD6EE /* CardGameAppDelegate.m */; };
		C6D8A82E17ADB803008CD6EE /* Default.png in Resources */ = {isa = PBXBuildFile; fileRef = C6D8A82D17ADB803008CD6EE /* Default.png */; };
		C6D8A83017ADB803008CD6EE /* Default@2x.png in Resources */ = {isa = PBXBuildFile; fileRef = C6D8A82F17ADB803008CD6EE /* Default@2x.png */; };
		C6D8A83217ADB803008CD6EE /* Default-568h@2x.png in Resources */ = {isa = PBXBuildFile; fileRef = C6D8A83117ADB803008CD6EE /* Default-568h@2x.png */; };
		C6D8A83517ADB803008CD6EE /* MainStoryboard.storyboard in Resources */ = {isa = PBXBuildFile; fileRef = C6D8A83317ADB803008CD6EE /* MainStoryboard.storyboard */; };
		C6D8A83817ADB803008CD6EE /* CardGameViewController.m in Sources */ = {isa = PBXBuildFile; fileRef = C6D8A83717ADB803008CD6EE /* CardGameViewController.m */; };
/* End PBXBuildFile section */

/* Begin PBXFileReference section */
		C6D8A81817ADB803008CD6EE /* Match2.app */ = {isa = PBXFileReference; explicitFileType = wrapper.application; includeInIndex = 0; path = Match2.app; sourceTree = BUILT_PRODUCTS_DIR; };
		C6D8A81B17ADB803008CD6EE /* UIKit.framework */ = {isa = PBXFileReference; lastKnownFileType = wrapper.framework; name = UIKit.framework; path = System/Library/Frameworks/UIKit.framework; sourceTree = SDKROOT; };
		C6D8A81D17ADB803008CD6EE /* Foundation.framework */ = {isa = PBXFileReference; lastKnownFileType = wrapper.framework; name = Foundation.framework; path = System/Library/Frameworks/Foundation.framework; sourceTree = SDKROOT; };
		C6D8A81F17ADB803008CD6EE /* CoreGraphics.framework */ = {isa = PBXFileReference; lastKnownFileType = wrapper.framework; name = CoreGraphics.framework; path = System/Library/Frameworks/CoreGraphics.framework; sourceTree = SDKROOT; };
		C6D8A82317ADB803008CD6EE /* Match2-Info.plist */ = {isa = PBXFileReference; lastKnownFileType = text.plist.xml; path = "Match2-Info.plist"; sourceTree = "<group>"; };
		C6D8A82517ADB803008CD6EE /* en */ = {isa = PBXFileReference; lastKnownFileType = text.plist.strings; name = en; path = en.lproj/InfoPlist.strings; sourceTree = "<group>"; };
		C6D8A82717ADB803008CD6EE /* main.m */ = {isa = PBXFileReference; lastKnownFileType = sourcecode.c.objc; path = main.m; sourceTree = "<group>"; };
		C6D8A82917ADB803008CD6EE /* Match2-Prefix.pch */ = {isa = PBXFileReference; lastKnownFileType = sourcecode.c.h; path = "Match2-Prefix.pch"; sourceTree = "<group>"; };
		C6D8A82A17ADB803008CD6EE /* CardGameAppDelegate.h */ = {isa = PBXFileReference; lastKnownFileType = sourcecode.c.h; path = CardGameAppDelegate.h; sourceTree = "<group>"; };
		C6D8A82B17ADB803008CD6EE /* CardGameAppDelegate.m */ = {isa = PBXFileReference; lastKnownFileType = sourcecode.c.objc; path = CardGameAppDelegate.m; sourceTree = "<group>"; };
		C6D8A82D17ADB803008CD6EE /* Default.png */ = {isa = PBXFileReference; lastKnownFileType = image.png; path = Default.png; sourceTree = "<group>"; };
		C6D8A82F17ADB803008CD6EE /* Default@2x.png */ = {isa = PBXFileReference; lastKnownFileType = image.png; path = "Default@2x.png"; sourceTree = "<group>"; };
		C6D8A83117ADB803008CD6EE /* Default-568h@2x.png */ = {isa = PBXFileReference; lastKnownFileType = image.png; path = "Default-568h@2x.png"; sourceTree = "<group>"; };
		C6D8A83417ADB803008CD6EE /* en */ = {isa = PBXFileReference; lastKnownFileType = file.storyboard; name = en; path = en.lproj/MainStoryboard.storyboard; sourceTree = "<group>"; };
		C6D8A83617ADB803008CD6EE /* CardGameViewController.h */ = {isa = PBXFileReference; lastKnownFileType = sourcecode.c.h; path = CardGameViewController.h; sourceTree = "<group>"; };
		C6D8A83717ADB803008CD6EE /* CardGameViewController.m */ = {isa = PBXFileReference; lastKnownFileType = sourcecode.c.objc; path = CardGameViewController.m; sourceTree = "<group>"; };
/* End PBXFileReference section */

/* Begin PBXFrameworksBuildPhase section */
		C6D8A81517ADB803008CD6EE /* Frameworks */ = {
			isa = PBXFrameworksBuildPhase;
			buildActionMask = 2147483647;
			files = (
				C6D8A81C17ADB803008CD6EE /* UIKit.framework in Frameworks */,
				C6D8A81E17ADB803008CD6EE /* Foundation.framework in Frameworks */,
				C6D8A82017ADB803008CD6EE /* CoreGraphics.framework in Frameworks */,
			);
			runOnlyForDeploymentPostprocessing = 0;
		};
/* End PBXFrameworksBuildPhase section */

/* Begin PBXGroup section */
		C6D8A80F17ADB803008CD6EE = {
			isa = PBXGroup;
			children = (
				C6D8A82117ADB803008CD6EE /* Match2 */,
				C6D8A81A17ADB803008CD6EE /* Frameworks */,
				C6D8A81917ADB803008CD6EE /* Products */,
			);
			sourceTree = "<group>";
		};
		C6D8A81917ADB803008CD6EE /* Products */ = {
			isa = PBXGroup;
			children = (
				C6D8A81817ADB803008CD6EE /* Match2.app */,
			);
			name = Products;
			sourceTree = "<group>";
		};
		C6D8A81A17ADB803008CD6EE /* Frameworks */ = {
			isa = PBXGroup;
			children = (
				C6D8A81B17ADB803008CD6EE /* UIKit.framework */,
				C6D8A81D17ADB803008CD6EE /* Foundation.framework */,
				C6D8A81F17ADB803008CD6EE /* CoreGraphics.framework */,
			);
			name = Frameworks;
			sourceTree = "<group>";
		};
		C6D8A82117ADB803008CD6EE /* Match2 */ = {
			isa = PBXGroup;
			children = (
				C6D8A82A17ADB803008CD6EE /* CardGameAppDelegate.h */,
				C6D8A82B17ADB803008CD6EE /* CardGameAppDelegate.m */,
				C6D8A83317ADB803008CD6EE /* MainStoryboard.storyboard */,
				C6D8A83617ADB803008CD6EE /* CardGameViewController.h */,
				C6D8A83717ADB803008CD6EE /* CardGameViewController.m */,
				C6D8A82217ADB803008CD6EE /* Supporting Files */,
			);
			path = Match2;
			sourceTree = "<group>";
		};
		C6D8A82217ADB803008CD6EE /* Supporting Files */ = {
			isa = PBXGroup;
			children = (
				C6D8A82317ADB803008CD6EE /* Match2-Info.plist */,
				C6D8A82417ADB803008CD6EE /* InfoPlist.strings */,
				C6D8A82717ADB803008CD6EE /* main.m */,
				C6D8A82917ADB803008CD6EE /* Match2-Prefix.pch */,
				C6D8A82D17ADB803008CD6EE /* Default.png */,
				C6D8A82F17ADB803008CD6EE /* Default@2x.png */,
				C6D8A83117ADB803008CD6EE /* Default-568h@2x.png */,
			);
			name = "Supporting Files";
			sourceTree = "<group>";
		};
/* End PBXGroup section */

/* Begin PBXNativeTarget section */
		C6D8A81717ADB803008CD6EE /* Match2 */ = {
			isa = PBXNativeTarget;
			buildConfigurationList = C6D8A83B17ADB803008CD6EE /* Build configuration list for PBXNativeTarget "Match2" */;
			buildPhases = (
				C6D8A81417ADB803008CD6EE /* Sources */,
				C6D8A81517ADB803008CD6EE /* Frameworks */,
				C6D8A81617ADB803008CD6EE /* Resources */,
			);
			buildRules = (
			);
			dependencies = (
			);
			name = Match2;
			productName = Match2;
			productReference = C6D8A81817ADB803008CD6EE /* Match2.app */;
			productType = "com.apple.product-type.application";
		};
/* End PBXNativeTarget section */

/* Begin PBXProject section */
		C6D8A81017ADB803008CD6EE /* Project object */ = {
			isa = PBXProject;
			attributes = {
				CLASSPREFIX = CardGame;
				LastUpgradeCheck = 0460;
				ORGANIZATIONNAME = dddiaz;
			};
			buildConfigurationList = C6D8A81317ADB803008CD6EE /* Build configuration list for PBXProject "Match2" */;
			compatibilityVersion = "Xcode 3.2";
			developmentRegion = English;
			hasScannedForEncodings = 0;
			knownRegions = (
				en,
			);
			mainGroup = C6D8A80F17ADB803008CD6EE;
			productRefGroup = C6D8A81917ADB803008CD6EE /* Products */;
			projectDirPath = "";
			projectRoot = "";
			targets = (
				C6D8A81717ADB803008CD6EE /* Match2 */,
			);
		};
/* End PBXProject section */

/* Begin PBXResourcesBuildPhase section */
		C6D8A81617ADB803008CD6EE /* Resources */ = {
			isa = PBXResourcesBuildPhase;
			buildActionMask = 2147483647;
			files = (
				C6D8A82617ADB803008CD6EE /* InfoPlist.strings in Resources */,
				C6D8A82E17ADB803008CD6EE /* Default.png in Resources */,
				C6D8A83017ADB803008CD6EE /* Default@2x.png in Resources */,
				C6D8A83217ADB803008CD6EE /* Default-568h@2x.png in Resources */,
				C6D8A83517ADB803008CD6EE /* MainStoryboard.storyboard in Resources */,
			);
			runOnlyForDeploymentPostprocessing = 0;
		};
/* End PBXResourcesBuildPhase section */

/* Begin PBXSourcesBuildPhase section */
		C6D8A81417ADB803008CD6EE /* Sources */ = {
			isa = PBXSourcesBuildPhase;
			buildActionMask = 2147483647;
			files = (
				C6D8A82817ADB803008CD6EE /* main.m in Sources */,
				C6D8A82C17ADB803008CD6EE /* CardGameAppDelegate.m in Sources */,
				C6D8A83817ADB803008CD6EE /* CardGameViewController.m in Sources */,
			);
			runOnlyForDeploymentPostprocessing = 0;
		};
/* End PBXSourcesBuildPhase section */

/* Begin PBXVariantGroup section */
		C6D8A82417ADB803008CD6EE /* InfoPlist.strings */ = {
			isa = PBXVariantGroup;
			children = (
				C6D8A82517ADB803008CD6EE /* en */,
			);
			name = InfoPlist.strings;
			sourceTree = "<group>";
		};
		C6D8A83317ADB803008CD6EE /* MainStoryboard.storyboard */ = {
			isa = PBXVariantGroup;
			children = (
				C6D8A83417ADB803008CD6EE /* en */,
			);
			name = MainStoryboard.storyboard;
			sourceTree = "<group>";
		};
/* End PBXVariantGroup section */

/* Begin XCBuildConfiguration section */
		C6D8A83917ADB803008CD6EE /* Debug */ = {
			isa = XCBuildConfiguration;
			buildSettings = {
				ALWAYS_SEARCH_USER_PATHS = NO;
				CLANG_CXX_LANGUAGE_STANDARD = "gnu++0x";
				CLANG_CXX_LIBRARY = "libc++";
				CLANG_ENABLE_OBJC_ARC = YES;
				CLANG_WARN_CONSTANT_CONVERSION = YES;
				CLANG_WARN_EMPTY_BODY = YES;
				CLANG_WARN_ENUM_CONVERSION = YES;
				CLANG_WARN_INT_CONVERSION = YES;
				CLANG_WARN__DUPLICATE_METHOD_MATCH = YES;
				"CODE_SIGN_IDENTITY[sdk=iphoneos*]" = "iPhone Developer";
				COPY_PHASE_STRIP = NO;
				GCC_C_LANGUAGE_STANDARD = gnu99;
				GCC_DYNAMIC_NO_PIC = NO;
				GCC_OPTIMIZATION_LEVEL = 0;
				GCC_PREPROCESSOR_DEFINITIONS = (
					"DEBUG=1",
					"$(inherited)",
				);
				GCC_SYMBOLS_PRIVATE_EXTERN = NO;
				GCC_WARN_ABOUT_RETURN_TYPE = YES;
				GCC_WARN_UNINITIALIZED_AUTOS = YES;
				GCC_WARN_UNUSED_VARIABLE = YES;
				IPHONEOS_DEPLOYMENT_TARGET = 6.1;
				ONLY_ACTIVE_ARCH = YES;
				SDKROOT = iphoneos;
			};
			name = Debug;
		};
		C6D8A83A17ADB803008CD6EE /* Release */ = {
			isa = XCBuildConfiguration;
			buildSettings = {
				ALWAYS_SEARCH_USER_PATHS = NO;
				CLANG_CXX_LANGUAGE_STANDARD = "gnu++0x";
				CLANG_CXX_LIBRARY = "libc++";
				CLANG_ENABLE_OBJC_ARC = YES;
				CLANG_WARN_CONSTANT_CONVERSION = YES;
				CLANG_WARN_EMPTY_BODY = YES;
				CLANG_WARN_ENUM_CONVERSION = YES;
				CLANG_WARN_INT_CONVERSION = YES;
				CLANG_WARN__DUPLICATE_METHOD_MATCH = YES;
				"CODE_SIGN_IDENTITY[sdk=iphoneos*]" = "iPhone Developer";
				COPY_PHASE_STRIP = YES;
				GCC_C_LANGUAGE_STANDARD = gnu99;
				GCC_WARN_ABOUT_RETURN_TYPE = YES;
				GCC_WARN_UNINITIALIZED_AUTOS = YES;
				GCC_WARN_UNUSED_VARIABLE = YES;
				IPHONEOS_DEPLOYMENT_TARGET = 6.1;
				OTHER_CFLAGS = "-DNS_BLOCK_ASSERTIONS=1";
				SDKROOT = iphoneos;
				VALIDATE_PRODUCT = YES;
			};
			name = Release;
		};
		C6D8A83C17ADB803008CD6EE /* Debug */ = {
			isa = XCBuildConfiguration;
			buildSettings = {
				GCC_PRECOMPILE_PREFIX_HEADER = YES;
				GCC_PREFIX_HEADER = "Match2/Match2-Prefix.pch";
				INFOPLIST_FILE = "Match2/Match2-Info.plist";
				PRODUCT_NAME = "$(TARGET_NAME)";
				WRAPPER_EXTENSION = app;
			};
			name = Debug;
		};
		C6D8A83D17ADB803008CD6EE /* Release */ = {
			isa = XCBuildConfiguration;
			buildSettings = {
				GCC_PRECOMPILE_PREFIX_HEADER = YES;
				GCC_PREFIX_HEADER = "Match2/Match2-Prefix.pch";
				INFOPLIST_FILE = "Match2/Match2-Info.plist";
				PRODUCT_NAME = "$(TARGET_NAME)";
				WRAPPER_EXTENSION = app;
			};
			name = Release;
		};
/* End XCBuildConfiguration section */

/* Begin XCConfigurationList section */
		C6D8A81317ADB803008CD6EE /* Build configuration list for PBXProject "Match2" */ = {
			isa = XCConfigurationList;
			buildConfigurations = (
				C6D8A83917ADB803008CD6EE /* Debug */,
				C6D8A83A17ADB803008CD6EE /* Release */,
			);
			defaultConfigurationIsVisible = 0;
			defaultConfigurationName = Release;
		};
		C6D8A83B17ADB803008CD6EE /* Build configuration list for PBXNativeTarget "Match2" */ = {
			isa = XCConfigurationList;
			buildConfigurations = (
				C6D8A83C17ADB803008CD6EE /* Debug */,
				C6D8A83D17ADB803008CD6EE /* Release */,
			);
			defaultConfigurationIsVisible = 0;
		};
/* End XCConfigurationList section */
	};
	rootObject = C6D8A81017ADB803008CD6EE /* Project object */;
}
